
Microsoft Visual Studio Solution File, Format Version 12.00
# Visual Studio 15
VisualStudioVersion = 15.0.28307.271
MinimumVisualStudioVersion = 10.0.40219.1
Project("{FAE04EC0-301F-11D3-BF4B-00C04F79EFBC}") = "TaskIssues", "TaskIssues\TaskIssues.csproj", "{DC42DC98-988D-4173-BAFA-4F24A5558DD0}"
EndProject
Global
	GlobalSection(SolutionConfigurationPlatforms) = preSolution
		Debug|Any CPU = Debug|Any CPU
		Release|Any CPU = Release|Any CPU
	EndGlobalSection
	GlobalSection(ProjectConfigurationPlatforms) = postSolution
		{DC42DC98-988D-4173-BAFA-4F24A5558DD0}.Debug|Any CPU.ActiveCfg = Debug|Any CPU
		{DC42DC98-988D-4173-BAFA-4F24A5558DD0}.Debug|Any CPU.Build.0 = Debug|Any CPU
		{DC42DC98-988D-4173-BAFA-4F24A5558DD0}.Release|Any CPU.ActiveCfg = Release|Any CPU
		{DC42DC98-988D-4173-BAFA-4F24A5558DD0}.Release|Any CPU.Build.0 = Release|Any CPU
	EndGlobalSection
	GlobalSection(SolutionProperties) = preSolution
		HideSolutionNode = FALSE
	EndGlobalSection
	GlobalSection(ExtensibilityGlobals) = postSolution
		SolutionGuid = {F3F3A8C2-C2FA-4E2C-A9EC-CC72F1B0C12C}
	EndGlobalSection
EndGlobal
